
Microsoft Visual Studio Solution File, Format Version 12.00
# Visual Studio Version 17
VisualStudioVersion = 17.0.31903.59
MinimumVisualStudioVersion = 10.0.40219.1
Project("{FAE04EC0-301F-11D3-BF4B-00C04F79EFBC}") = "Knm.Enterprise.Shared", "Shared\Knm.Enterprise.Shared.csproj", "{944C3052-B887-4ABE-BCAE-51F3591F0149}"
EndProject
Project("{FAE04EC0-301F-11D3-BF4B-00C04F79EFBC}") = "Knm.Enterprise.Domain", "Domain\Knm.Enterprise.Domain.csproj", "{0769D507-40C5-405C-8EFC-FF805EE8F5D4}"
EndProject
Project("{FAE04EC0-301F-11D3-BF4B-00C04F79EFBC}") = "Knm.Enterprise.Application", "Application\Knm.Enterprise.Application.csproj", "{AC9008B4-534E-4DEB-8561-15F062307AA9}"
EndProject
Project("{FAE04EC0-301F-11D3-BF4B-00C04F79EFBC}") = "Knm.Enterprise.Infrastructure", "Infrastructure\Knm.Enterprise.Infrastructure.csproj", "{E8A68B66-B66A-4EC3-98E3-BA2C9117636A}"
EndProject
Project("{FAE04EC0-301F-11D3-BF4B-00C04F79EFBC}") = "Knm.Enterprise.Persistence", "Persistence\Knm.Enterprise.Persistence.csproj", "{51607724-5D2F-4622-9611-CDD908CC9B8E}"
EndProject
Project("{FAE04EC0-301F-11D3-BF4B-00C04F79EFBC}") = "Knm.Enterprise.Host", "Host\Knm.Enterprise.Host.csproj", "{DF8B30C7-1DFA-4D12-8D88-D9F4E446AEDE}"
EndProject
Global
	GlobalSection(SolutionConfigurationPlatforms) = preSolution
		Debug|Any CPU = Debug|Any CPU
		Release|Any CPU = Release|Any CPU
	EndGlobalSection
	GlobalSection(SolutionProperties) = preSolution
		HideSolutionNode = FALSE
	EndGlobalSection
	GlobalSection(ProjectConfigurationPlatforms) = postSolution
		{944C3052-B887-4ABE-BCAE-51F3591F0149}.Debug|Any CPU.ActiveCfg = Debug|Any CPU
		{944C3052-B887-4ABE-BCAE-51F3591F0149}.Debug|Any CPU.Build.0 = Debug|Any CPU
		{944C3052-B887-4ABE-BCAE-51F3591F0149}.Release|Any CPU.ActiveCfg = Release|Any CPU
		{944C3052-B887-4ABE-BCAE-51F3591F0149}.Release|Any CPU.Build.0 = Release|Any CPU
		{0769D507-40C5-405C-8EFC-FF805EE8F5D4}.Debug|Any CPU.ActiveCfg = Debug|Any CPU
		{0769D507-40C5-405C-8EFC-FF805EE8F5D4}.Debug|Any CPU.Build.0 = Debug|Any CPU
		{0769D507-40C5-405C-8EFC-FF805EE8F5D4}.Release|Any CPU.ActiveCfg = Release|Any CPU
		{0769D507-40C5-405C-8EFC-FF805EE8F5D4}.Release|Any CPU.Build.0 = Release|Any CPU
		{AC9008B4-534E-4DEB-8561-15F062307AA9}.Debug|Any CPU.ActiveCfg = Debug|Any CPU
		{AC9008B4-534E-4DEB-8561-15F062307AA9}.Debug|Any CPU.Build.0 = Debug|Any CPU
		{AC9008B4-534E-4DEB-8561-15F062307AA9}.Release|Any CPU.ActiveCfg = Release|Any CPU
		{AC9008B4-534E-4DEB-8561-15F062307AA9}.Release|Any CPU.Build.0 = Release|Any CPU
		{E8A68B66-B66A-4EC3-98E3-BA2C9117636A}.Debug|Any CPU.ActiveCfg = Debug|Any CPU
		{E8A68B66-B66A-4EC3-98E3-BA2C9117636A}.Debug|Any CPU.Build.0 = Debug|Any CPU
		{E8A68B66-B66A-4EC3-98E3-BA2C9117636A}.Release|Any CPU.ActiveCfg = Release|Any CPU
		{E8A68B66-B66A-4EC3-98E3-BA2C9117636A}.Release|Any CPU.Build.0 = Release|Any CPU
		{51607724-5D2F-4622-9611-CDD908CC9B8E}.Debug|Any CPU.ActiveCfg = Debug|Any CPU
		{51607724-5D2F-4622-9611-CDD908CC9B8E}.Debug|Any CPU.Build.0 = Debug|Any CPU
		{51607724-5D2F-4622-9611-CDD908CC9B8E}.Release|Any CPU.ActiveCfg = Release|Any CPU
		{51607724-5D2F-4622-9611-CDD908CC9B8E}.Release|Any CPU.Build.0 = Release|Any CPU
		{DF8B30C7-1DFA-4D12-8D88-D9F4E446AEDE}.Debug|Any CPU.ActiveCfg = Debug|Any CPU
		{DF8B30C7-1DFA-4D12-8D88-D9F4E446AEDE}.Debug|Any CPU.Build.0 = Debug|Any CPU
		{DF8B30C7-1DFA-4D12-8D88-D9F4E446AEDE}.Release|Any CPU.ActiveCfg = Release|Any CPU
		{DF8B30C7-1DFA-4D12-8D88-D9F4E446AEDE}.Release|Any CPU.Build.0 = Release|Any CPU
	EndGlobalSection
EndGlobal
